
Microsoft Visual Studio Solution File, Format Version 12.00
# Visual Studio Version 16
VisualStudioVersion = 16.0.30204.135
MinimumVisualStudioVersion = 10.0.40219.1
Project("{FAE04EC0-301F-11D3-BF4B-00C04F79EFBC}") = "ConsoleApp1UI", "ConsoleApp1UI\ConsoleApp1UI.csproj", "{D16410D4-AB5D-4B75-895E-B3F29494AF2D}"
EndProject
Global
	GlobalSection(SolutionConfigurationPlatforms) = preSolution
		Debug|Any CPU = Debug|Any CPU
		Release|Any CPU = Release|Any CPU
	EndGlobalSection
	GlobalSection(ProjectConfigurationPlatforms) = postSolution
		{D16410D4-AB5D-4B75-895E-B3F29494AF2D}.Debug|Any CPU.ActiveCfg = Debug|Any CPU
		{D16410D4-AB5D-4B75-895E-B3F29494AF2D}.Debug|Any CPU.Build.0 = Debug|Any CPU
		{D16410D4-AB5D-4B75-895E-B3F29494AF2D}.Release|Any CPU.ActiveCfg = Release|Any CPU
		{D16410D4-AB5D-4B75-895E-B3F29494AF2D}.Release|Any CPU.Build.0 = Release|Any CPU
	EndGlobalSection
	GlobalSection(SolutionProperties) = preSolution
		HideSolutionNode = FALSE
	EndGlobalSection
	GlobalSection(ExtensibilityGlobals) = postSolution
		SolutionGuid = {02B5407E-9A8B-4856-A51F-F739341C14DA}
	EndGlobalSection
EndGlobal
